
Microsoft Visual Studio Solution File, Format Version 12.00
# Visual Studio Version 17
VisualStudioVersion = 17.1.32328.378
MinimumVisualStudioVersion = 10.0.40219.1
Project("{FAE04EC0-301F-11D3-BF4B-00C04F79EFBC}") = "Validaciones", "Validaciones\Validaciones.csproj", "{E80720A2-475E-4197-AF77-BD2E362F54F1}"
EndProject
Project("{FAE04EC0-301F-11D3-BF4B-00C04F79EFBC}") = "Asynchronous", "Asynchronous\Asynchronous.csproj", "{C8BDBE0D-1782-43A6-AEAD-CF7C0E6D01D9}"
EndProject
Global
	GlobalSection(SolutionConfigurationPlatforms) = preSolution
		Debug|Any CPU = Debug|Any CPU
		Release|Any CPU = Release|Any CPU
	EndGlobalSection
	GlobalSection(ProjectConfigurationPlatforms) = postSolution
		{E80720A2-475E-4197-AF77-BD2E362F54F1}.Debug|Any CPU.ActiveCfg = Debug|Any CPU
		{E80720A2-475E-4197-AF77-BD2E362F54F1}.Debug|Any CPU.Build.0 = Debug|Any CPU
		{E80720A2-475E-4197-AF77-BD2E362F54F1}.Release|Any CPU.ActiveCfg = Release|Any CPU
		{E80720A2-475E-4197-AF77-BD2E362F54F1}.Release|Any CPU.Build.0 = Release|Any CPU
		{C8BDBE0D-1782-43A6-AEAD-CF7C0E6D01D9}.Debug|Any CPU.ActiveCfg = Debug|Any CPU
		{C8BDBE0D-1782-43A6-AEAD-CF7C0E6D01D9}.Debug|Any CPU.Build.0 = Debug|Any CPU
		{C8BDBE0D-1782-43A6-AEAD-CF7C0E6D01D9}.Release|Any CPU.ActiveCfg = Release|Any CPU
		{C8BDBE0D-1782-43A6-AEAD-CF7C0E6D01D9}.Release|Any CPU.Build.0 = Release|Any CPU
	EndGlobalSection
	GlobalSection(SolutionProperties) = preSolution
		HideSolutionNode = FALSE
	EndGlobalSection
	GlobalSection(ExtensibilityGlobals) = postSolution
		SolutionGuid = {C09EE8F3-8498-4AD0-81BD-FC700AB7D4EF}
	EndGlobalSection
EndGlobal
