
Microsoft Visual Studio Solution File, Format Version 12.00
# Visual Studio Version 17
VisualStudioVersion = 17.1.32328.378
MinimumVisualStudioVersion = 10.0.40219.1
Project("{FAE04EC0-301F-11D3-BF4B-00C04F79EFBC}") = "RotarLista", "RotarLista\RotarLista.csproj", "{12E72F4F-82C6-4CB2-99F2-F5082054FDC2}"
EndProject
Project("{FAE04EC0-301F-11D3-BF4B-00C04F79EFBC}") = "Valle", "Valle\Valle.csproj", "{AADCCF5B-CF75-4928-8221-5744FE8E689B}"
EndProject
Project("{FAE04EC0-301F-11D3-BF4B-00C04F79EFBC}") = "Mordida", "Mordida\Mordida.csproj", "{ED78D285-8179-4BC6-A739-2577B12E6AED}"
EndProject
Global
	GlobalSection(SolutionConfigurationPlatforms) = preSolution
		Debug|Any CPU = Debug|Any CPU
		Release|Any CPU = Release|Any CPU
	EndGlobalSection
	GlobalSection(ProjectConfigurationPlatforms) = postSolution
		{12E72F4F-82C6-4CB2-99F2-F5082054FDC2}.Debug|Any CPU.ActiveCfg = Debug|Any CPU
		{12E72F4F-82C6-4CB2-99F2-F5082054FDC2}.Debug|Any CPU.Build.0 = Debug|Any CPU
		{12E72F4F-82C6-4CB2-99F2-F5082054FDC2}.Release|Any CPU.ActiveCfg = Release|Any CPU
		{12E72F4F-82C6-4CB2-99F2-F5082054FDC2}.Release|Any CPU.Build.0 = Release|Any CPU
		{AADCCF5B-CF75-4928-8221-5744FE8E689B}.Debug|Any CPU.ActiveCfg = Debug|Any CPU
		{AADCCF5B-CF75-4928-8221-5744FE8E689B}.Debug|Any CPU.Build.0 = Debug|Any CPU
		{AADCCF5B-CF75-4928-8221-5744FE8E689B}.Release|Any CPU.ActiveCfg = Release|Any CPU
		{AADCCF5B-CF75-4928-8221-5744FE8E689B}.Release|Any CPU.Build.0 = Release|Any CPU
		{ED78D285-8179-4BC6-A739-2577B12E6AED}.Debug|Any CPU.ActiveCfg = Debug|Any CPU
		{ED78D285-8179-4BC6-A739-2577B12E6AED}.Debug|Any CPU.Build.0 = Debug|Any CPU
		{ED78D285-8179-4BC6-A739-2577B12E6AED}.Release|Any CPU.ActiveCfg = Release|Any CPU
		{ED78D285-8179-4BC6-A739-2577B12E6AED}.Release|Any CPU.Build.0 = Release|Any CPU
	EndGlobalSection
	GlobalSection(SolutionProperties) = preSolution
		HideSolutionNode = FALSE
	EndGlobalSection
	GlobalSection(ExtensibilityGlobals) = postSolution
		SolutionGuid = {15A647FE-4BFF-49E1-804D-C4C88D297A5C}
	EndGlobalSection
EndGlobal
